
Microsoft Visual Studio Solution File, Format Version 12.00
# Visual Studio Version 17
VisualStudioVersion = 17.0.31912.275
MinimumVisualStudioVersion = 10.0.40219.1
Project("{FAE04EC0-301F-11D3-BF4B-00C04F79EFBC}") = "StoreBasicSystem", "StoreBasicSystem\StoreBasicSystem.csproj", "{78F617DB-40A9-403F-A1A1-A7E1515B3EF8}"
EndProject
Global
	GlobalSection(SolutionConfigurationPlatforms) = preSolution
		Debug|Any CPU = Debug|Any CPU
		Release|Any CPU = Release|Any CPU
	EndGlobalSection
	GlobalSection(ProjectConfigurationPlatforms) = postSolution
		{78F617DB-40A9-403F-A1A1-A7E1515B3EF8}.Debug|Any CPU.ActiveCfg = Debug|Any CPU
		{78F617DB-40A9-403F-A1A1-A7E1515B3EF8}.Debug|Any CPU.Build.0 = Debug|Any CPU
		{78F617DB-40A9-403F-A1A1-A7E1515B3EF8}.Release|Any CPU.ActiveCfg = Release|Any CPU
		{78F617DB-40A9-403F-A1A1-A7E1515B3EF8}.Release|Any CPU.Build.0 = Release|Any CPU
	EndGlobalSection
	GlobalSection(SolutionProperties) = preSolution
		HideSolutionNode = FALSE
	EndGlobalSection
	GlobalSection(ExtensibilityGlobals) = postSolution
		SolutionGuid = {849DA440-76D9-4D29-9704-3ADD6FE1879F}
	EndGlobalSection
EndGlobal
